
Microsoft Visual Studio Solution File, Format Version 12.00
# Visual Studio Version 17
VisualStudioVersion = 17.1.32421.90
MinimumVisualStudioVersion = 10.0.40219.1
Project("{FAE04EC0-301F-11D3-BF4B-00C04F79EFBC}") = "DATN.PetShop.Admin", "DATN.PetShop.Admin\DATN.PetShop.Admin.csproj", "{28DD8FD0-30B2-472D-B292-FCEF9DE8330F}"
EndProject
Project("{FAE04EC0-301F-11D3-BF4B-00C04F79EFBC}") = "Entities", "Entities\Entities.csproj", "{86517513-B396-4BDA-8371-0EFC26B1BAA2}"
EndProject
Project("{FAE04EC0-301F-11D3-BF4B-00C04F79EFBC}") = "HttpClient_API", "HttpClient_API\HttpClient_API.csproj", "{B75BA76C-3544-4289-BFFB-15F3F071FB6A}"
EndProject
Global
	GlobalSection(SolutionConfigurationPlatforms) = preSolution
		Debug|Any CPU = Debug|Any CPU
		Release|Any CPU = Release|Any CPU
	EndGlobalSection
	GlobalSection(ProjectConfigurationPlatforms) = postSolution
		{28DD8FD0-30B2-472D-B292-FCEF9DE8330F}.Debug|Any CPU.ActiveCfg = Debug|Any CPU
		{28DD8FD0-30B2-472D-B292-FCEF9DE8330F}.Debug|Any CPU.Build.0 = Debug|Any CPU
		{28DD8FD0-30B2-472D-B292-FCEF9DE8330F}.Release|Any CPU.ActiveCfg = Release|Any CPU
		{28DD8FD0-30B2-472D-B292-FCEF9DE8330F}.Release|Any CPU.Build.0 = Release|Any CPU
		{86517513-B396-4BDA-8371-0EFC26B1BAA2}.Debug|Any CPU.ActiveCfg = Debug|Any CPU
		{86517513-B396-4BDA-8371-0EFC26B1BAA2}.Debug|Any CPU.Build.0 = Debug|Any CPU
		{86517513-B396-4BDA-8371-0EFC26B1BAA2}.Release|Any CPU.ActiveCfg = Release|Any CPU
		{86517513-B396-4BDA-8371-0EFC26B1BAA2}.Release|Any CPU.Build.0 = Release|Any CPU
		{B75BA76C-3544-4289-BFFB-15F3F071FB6A}.Debug|Any CPU.ActiveCfg = Debug|Any CPU
		{B75BA76C-3544-4289-BFFB-15F3F071FB6A}.Debug|Any CPU.Build.0 = Debug|Any CPU
		{B75BA76C-3544-4289-BFFB-15F3F071FB6A}.Release|Any CPU.ActiveCfg = Release|Any CPU
		{B75BA76C-3544-4289-BFFB-15F3F071FB6A}.Release|Any CPU.Build.0 = Release|Any CPU
	EndGlobalSection
	GlobalSection(SolutionProperties) = preSolution
		HideSolutionNode = FALSE
	EndGlobalSection
	GlobalSection(ExtensibilityGlobals) = postSolution
		SolutionGuid = {3FEBCF81-0444-42D3-9521-2774EA8B4ED5}
	EndGlobalSection
EndGlobal
