
Microsoft Visual Studio Solution File, Format Version 12.00
# Visual Studio Version 17
VisualStudioVersion = 17.1.32421.90
MinimumVisualStudioVersion = 10.0.40219.1
Project("{FAE04EC0-301F-11D3-BF4B-00C04F79EFBC}") = "DATN_API", "DATN_API\DATN_API.csproj", "{C6E9C886-FD4D-4C05-A989-E4FD360479D4}"
EndProject
Project("{FAE04EC0-301F-11D3-BF4B-00C04F79EFBC}") = "Repository", "Repository\Repository.csproj", "{7EE968A5-C20C-4F43-87A3-5D7119E6B17D}"
EndProject
Project("{FAE04EC0-301F-11D3-BF4B-00C04F79EFBC}") = "Entities", "Entities\Entities.csproj", "{4EAFDFE7-BD63-4437-A200-A37FBA3BE398}"
EndProject
Project("{FAE04EC0-301F-11D3-BF4B-00C04F79EFBC}") = "Contracts", "Contracts\Contracts.csproj", "{76250CB0-57EA-477A-986E-BAE77A35857F}"
EndProject
Project("{FAE04EC0-301F-11D3-BF4B-00C04F79EFBC}") = "DataAccessLayer", "DataAccessLayer\DataAccessLayer.csproj", "{7DD0CA1C-0A42-406E-A037-2892B78EAA5B}"
EndProject
Project("{FAE04EC0-301F-11D3-BF4B-00C04F79EFBC}") = "BusinessLogicLayer", "BusinessLogicLayer\BusinessLogicLayer.csproj", "{ED2BC21D-4523-4FDF-93FE-F8548F44D192}"
EndProject
Global
	GlobalSection(SolutionConfigurationPlatforms) = preSolution
		Debug|Any CPU = Debug|Any CPU
		Release|Any CPU = Release|Any CPU
	EndGlobalSection
	GlobalSection(ProjectConfigurationPlatforms) = postSolution
		{C6E9C886-FD4D-4C05-A989-E4FD360479D4}.Debug|Any CPU.ActiveCfg = Debug|Any CPU
		{C6E9C886-FD4D-4C05-A989-E4FD360479D4}.Debug|Any CPU.Build.0 = Debug|Any CPU
		{C6E9C886-FD4D-4C05-A989-E4FD360479D4}.Release|Any CPU.ActiveCfg = Release|Any CPU
		{C6E9C886-FD4D-4C05-A989-E4FD360479D4}.Release|Any CPU.Build.0 = Release|Any CPU
		{7EE968A5-C20C-4F43-87A3-5D7119E6B17D}.Debug|Any CPU.ActiveCfg = Debug|Any CPU
		{7EE968A5-C20C-4F43-87A3-5D7119E6B17D}.Debug|Any CPU.Build.0 = Debug|Any CPU
		{7EE968A5-C20C-4F43-87A3-5D7119E6B17D}.Release|Any CPU.ActiveCfg = Release|Any CPU
		{7EE968A5-C20C-4F43-87A3-5D7119E6B17D}.Release|Any CPU.Build.0 = Release|Any CPU
		{4EAFDFE7-BD63-4437-A200-A37FBA3BE398}.Debug|Any CPU.ActiveCfg = Debug|Any CPU
		{4EAFDFE7-BD63-4437-A200-A37FBA3BE398}.Debug|Any CPU.Build.0 = Debug|Any CPU
		{4EAFDFE7-BD63-4437-A200-A37FBA3BE398}.Release|Any CPU.ActiveCfg = Release|Any CPU
		{4EAFDFE7-BD63-4437-A200-A37FBA3BE398}.Release|Any CPU.Build.0 = Release|Any CPU
		{76250CB0-57EA-477A-986E-BAE77A35857F}.Debug|Any CPU.ActiveCfg = Debug|Any CPU
		{76250CB0-57EA-477A-986E-BAE77A35857F}.Debug|Any CPU.Build.0 = Debug|Any CPU
		{76250CB0-57EA-477A-986E-BAE77A35857F}.Release|Any CPU.ActiveCfg = Release|Any CPU
		{76250CB0-57EA-477A-986E-BAE77A35857F}.Release|Any CPU.Build.0 = Release|Any CPU
		{7DD0CA1C-0A42-406E-A037-2892B78EAA5B}.Debug|Any CPU.ActiveCfg = Debug|Any CPU
		{7DD0CA1C-0A42-406E-A037-2892B78EAA5B}.Debug|Any CPU.Build.0 = Debug|Any CPU
		{7DD0CA1C-0A42-406E-A037-2892B78EAA5B}.Release|Any CPU.ActiveCfg = Release|Any CPU
		{7DD0CA1C-0A42-406E-A037-2892B78EAA5B}.Release|Any CPU.Build.0 = Release|Any CPU
		{ED2BC21D-4523-4FDF-93FE-F8548F44D192}.Debug|Any CPU.ActiveCfg = Debug|Any CPU
		{ED2BC21D-4523-4FDF-93FE-F8548F44D192}.Debug|Any CPU.Build.0 = Debug|Any CPU
		{ED2BC21D-4523-4FDF-93FE-F8548F44D192}.Release|Any CPU.ActiveCfg = Release|Any CPU
		{ED2BC21D-4523-4FDF-93FE-F8548F44D192}.Release|Any CPU.Build.0 = Release|Any CPU
	EndGlobalSection
	GlobalSection(SolutionProperties) = preSolution
		HideSolutionNode = FALSE
	EndGlobalSection
	GlobalSection(ExtensibilityGlobals) = postSolution
		SolutionGuid = {F72AE1D6-B5A3-4AB9-8B44-AD0F3EE84ABD}
	EndGlobalSection
EndGlobal
